
Microsoft Visual Studio Solution File, Format Version 12.00
# Visual Studio Version 17
VisualStudioVersion = 17.0.31919.166
MinimumVisualStudioVersion = 10.0.40219.1
Project("{FAE04EC0-301F-11D3-BF4B-00C04F79EFBC}") = "Checkers", "Checkers\Checkers.csproj", "{84EA2D7E-1FCA-400D-9506-4C45CC4C4EB6}"
EndProject
Global
	GlobalSection(SolutionConfigurationPlatforms) = preSolution
		Debug|Any CPU = Debug|Any CPU
		Release|Any CPU = Release|Any CPU
	EndGlobalSection
	GlobalSection(ProjectConfigurationPlatforms) = postSolution
		{84EA2D7E-1FCA-400D-9506-4C45CC4C4EB6}.Debug|Any CPU.ActiveCfg = Debug|Any CPU
		{84EA2D7E-1FCA-400D-9506-4C45CC4C4EB6}.Debug|Any CPU.Build.0 = Debug|Any CPU
		{84EA2D7E-1FCA-400D-9506-4C45CC4C4EB6}.Release|Any CPU.ActiveCfg = Release|Any CPU
		{84EA2D7E-1FCA-400D-9506-4C45CC4C4EB6}.Release|Any CPU.Build.0 = Release|Any CPU
	EndGlobalSection
	GlobalSection(SolutionProperties) = preSolution
		HideSolutionNode = FALSE
	EndGlobalSection
	GlobalSection(ExtensibilityGlobals) = postSolution
		SolutionGuid = {795F0A13-3979-4B7C-9251-2926C466E825}
	EndGlobalSection
EndGlobal
